// !$*UTF8*$!
{
	archiveVersion = 1;
	classes = {
	};
	objectVersion = 46;
	objects = {

/* Begin PBXBuildFile section */
		090C69391FDF2272000F3FB8 /* DatabaseManager.swift in Sources */ = {isa = PBXBuildFile; fileRef = 090C69381FDF2272000F3FB8 /* DatabaseManager.swift */; };
		090C693B1FDF30B0000F3FB8 /* GoogleService-Info.plist in Resources */ = {isa = PBXBuildFile; fileRef = 090C693A1FDF30B0000F3FB8 /* GoogleService-Info.plist */; };
		090C693D1FDF52A2000F3FB8 /* AutenticationController.swift in Sources */ = {isa = PBXBuildFile; fileRef = 090C693C1FDF52A2000F3FB8 /* AutenticationController.swift */; };
		0936985A1FE32AD20010674B /* EsqueciSenhaController.swift in Sources */ = {isa = PBXBuildFile; fileRef = 093698591FE32AD20010674B /* EsqueciSenhaController.swift */; };
		0936985C1FE4C4010010674B /* ConhecimentoViewController.swift in Sources */ = {isa = PBXBuildFile; fileRef = 0936985B1FE4C4010010674B /* ConhecimentoViewController.swift */; };
		0936985E1FE541E30010674B /* LinkViewController.swift in Sources */ = {isa = PBXBuildFile; fileRef = 0936985D1FE541E30010674B /* LinkViewController.swift */; };
		093698601FE57D5B0010674B /* Link.swift in Sources */ = {isa = PBXBuildFile; fileRef = 0936985F1FE57D5B0010674B /* Link.swift */; };
		09C3EEAF1FE21BFB0015A493 /* ModelFactory.swift in Sources */ = {isa = PBXBuildFile; fileRef = 09C3EEAE1FE21BFB0015A493 /* ModelFactory.swift */; };
		45765D521FE29F950042B52A /* PesquisarController.swift in Sources */ = {isa = PBXBuildFile; fileRef = 45765D511FE29F950042B52A /* PesquisarController.swift */; };
		45765D541FE2A1FB0042B52A /* PesquisarCellController.swift in Sources */ = {isa = PBXBuildFile; fileRef = 45765D531FE2A1FB0042B52A /* PesquisarCellController.swift */; };
		531001C8C98185A387CB6188 /* Pods_SharingIOS.framework in Frameworks */ = {isa = PBXBuildFile; fileRef = 0D74B86CF6FAD10CE6105400 /* Pods_SharingIOS.framework */; };
		C25042C11FC9F21E004E6793 /* AppDelegate.swift in Sources */ = {isa = PBXBuildFile; fileRef = C25042C01FC9F21E004E6793 /* AppDelegate.swift */; };
		C25042C31FC9F21E004E6793 /* LoginController.swift in Sources */ = {isa = PBXBuildFile; fileRef = C25042C21FC9F21E004E6793 /* LoginController.swift */; };
		C25042C61FC9F21E004E6793 /* Main.storyboard in Resources */ = {isa = PBXBuildFile; fileRef = C25042C41FC9F21E004E6793 /* Main.storyboard */; };
		C25042C81FC9F21E004E6793 /* Assets.xcassets in Resources */ = {isa = PBXBuildFile; fileRef = C25042C71FC9F21E004E6793 /* Assets.xcassets */; };
		C25042CB1FC9F21E004E6793 /* LaunchScreen.storyboard in Resources */ = {isa = PBXBuildFile; fileRef = C25042C91FC9F21E004E6793 /* LaunchScreen.storyboard */; };
		C28982FB1FD2F6C900840787 /* NewUserController.swift in Sources */ = {isa = PBXBuildFile; fileRef = C28982FA1FD2F6C900840787 /* NewUserController.swift */; };
		C28982FD1FD2F76B00840787 /* CreateProfileController.swift in Sources */ = {isa = PBXBuildFile; fileRef = C28982FC1FD2F76B00840787 /* CreateProfileController.swift */; };
		C28982FF1FD2F9D900840787 /* ConexoesController.swift in Sources */ = {isa = PBXBuildFile; fileRef = C28982FE1FD2F9D900840787 /* ConexoesController.swift */; };
		C28983011FD2FA9100840787 /* MessageController.swift in Sources */ = {isa = PBXBuildFile; fileRef = C28983001FD2FA9100840787 /* MessageController.swift */; };
		C28983031FD2FD3900840787 /* Login.storyboard in Resources */ = {isa = PBXBuildFile; fileRef = C28983021FD2FD3900840787 /* Login.storyboard */; };
		C28983051FD2FE7900840787 /* Chat.storyboard in Resources */ = {isa = PBXBuildFile; fileRef = C28983041FD2FE7900840787 /* Chat.storyboard */; };
		C28DA9B61FDC474D001B9888 /* Mensagem.swift in Sources */ = {isa = PBXBuildFile; fileRef = C28DA9B51FDC474D001B9888 /* Mensagem.swift */; };
		C29381831FDC5C6000C8BFAE /* PerfilController.swift in Sources */ = {isa = PBXBuildFile; fileRef = C29381821FDC5C6000C8BFAE /* PerfilController.swift */; };
		C29381851FDC604A00C8BFAE /* ConhecimentosCellController.swift in Sources */ = {isa = PBXBuildFile; fileRef = C29381841FDC604A00C8BFAE /* ConhecimentosCellController.swift */; };
		C29381871FDC606700C8BFAE /* LinksCellController.swift in Sources */ = {isa = PBXBuildFile; fileRef = C29381861FDC606700C8BFAE /* LinksCellController.swift */; };
		C2A0DD7A1FE53D380037A832 /* MessagesHandler.swift in Sources */ = {isa = PBXBuildFile; fileRef = C2A0DD791FE53D380037A832 /* MessagesHandler.swift */; };
		C2E9AF231FDC52F5003A85F2 /* ConexaoFlagCell.swift in Sources */ = {isa = PBXBuildFile; fileRef = C2E9AF221FDC52F5003A85F2 /* ConexaoFlagCell.swift */; };
		C2E9AF251FDC542A003A85F2 /* Conexao.swift in Sources */ = {isa = PBXBuildFile; fileRef = C2E9AF241FDC542A003A85F2 /* Conexao.swift */; };
		C2E9AF271FDC548F003A85F2 /* ConexaoDataSource.swift in Sources */ = {isa = PBXBuildFile; fileRef = C2E9AF261FDC548F003A85F2 /* ConexaoDataSource.swift */; };
/* End PBXBuildFile section */

/* Begin PBXFileReference section */
		090C69381FDF2272000F3FB8 /* DatabaseManager.swift */ = {isa = PBXFileReference; lastKnownFileType = sourcecode.swift; path = DatabaseManager.swift; sourceTree = "<group>"; };
		090C693A1FDF30B0000F3FB8 /* GoogleService-Info.plist */ = {isa = PBXFileReference; fileEncoding = 4; lastKnownFileType = text.plist.xml; path = "GoogleService-Info.plist"; sourceTree = "<group>"; };
		090C693C1FDF52A2000F3FB8 /* AutenticationController.swift */ = {isa = PBXFileReference; lastKnownFileType = sourcecode.swift; path = AutenticationController.swift; sourceTree = "<group>"; };
		093698591FE32AD20010674B /* EsqueciSenhaController.swift */ = {isa = PBXFileReference; lastKnownFileType = sourcecode.swift; path = EsqueciSenhaController.swift; sourceTree = "<group>"; };
		0936985B1FE4C4010010674B /* ConhecimentoViewController.swift */ = {isa = PBXFileReference; lastKnownFileType = sourcecode.swift; path = ConhecimentoViewController.swift; sourceTree = "<group>"; };
		0936985D1FE541E30010674B /* LinkViewController.swift */ = {isa = PBXFileReference; lastKnownFileType = sourcecode.swift; path = LinkViewController.swift; sourceTree = "<group>"; };
		0936985F1FE57D5B0010674B /* Link.swift */ = {isa = PBXFileReference; lastKnownFileType = sourcecode.swift; path = Link.swift; sourceTree = "<group>"; };
		09C3EEAE1FE21BFB0015A493 /* ModelFactory.swift */ = {isa = PBXFileReference; lastKnownFileType = sourcecode.swift; path = ModelFactory.swift; sourceTree = "<group>"; };
		0D74B86CF6FAD10CE6105400 /* Pods_SharingIOS.framework */ = {isa = PBXFileReference; explicitFileType = wrapper.framework; includeInIndex = 0; path = Pods_SharingIOS.framework; sourceTree = BUILT_PRODUCTS_DIR; };
		45765D511FE29F950042B52A /* PesquisarController.swift */ = {isa = PBXFileReference; lastKnownFileType = sourcecode.swift; path = PesquisarController.swift; sourceTree = "<group>"; };
		45765D531FE2A1FB0042B52A /* PesquisarCellController.swift */ = {isa = PBXFileReference; lastKnownFileType = sourcecode.swift; path = PesquisarCellController.swift; sourceTree = "<group>"; };
		889C1660A1C4D466B2EB06D7 /* Pods-SharingIOS.debug.xcconfig */ = {isa = PBXFileReference; includeInIndex = 1; lastKnownFileType = text.xcconfig; name = "Pods-SharingIOS.debug.xcconfig"; path = "Pods/Target Support Files/Pods-SharingIOS/Pods-SharingIOS.debug.xcconfig"; sourceTree = "<group>"; };
		C25042BD1FC9F21E004E6793 /* SharingIOS.app */ = {isa = PBXFileReference; explicitFileType = wrapper.application; includeInIndex = 0; path = SharingIOS.app; sourceTree = BUILT_PRODUCTS_DIR; };
		C25042C01FC9F21E004E6793 /* AppDelegate.swift */ = {isa = PBXFileReference; lastKnownFileType = sourcecode.swift; path = AppDelegate.swift; sourceTree = "<group>"; };
		C25042C21FC9F21E004E6793 /* LoginController.swift */ = {isa = PBXFileReference; lastKnownFileType = sourcecode.swift; path = LoginController.swift; sourceTree = "<group>"; };
		C25042C51FC9F21E004E6793 /* Base */ = {isa = PBXFileReference; lastKnownFileType = file.storyboard; name = Base; path = Base.lproj/Main.storyboard; sourceTree = "<group>"; };
		C25042C71FC9F21E004E6793 /* Assets.xcassets */ = {isa = PBXFileReference; lastKnownFileType = folder.assetcatalog; path = Assets.xcassets; sourceTree = "<group>"; };
		C25042CA1FC9F21E004E6793 /* Base */ = {isa = PBXFileReference; lastKnownFileType = file.storyboard; name = Base; path = Base.lproj/LaunchScreen.storyboard; sourceTree = "<group>"; };
		C25042CC1FC9F21E004E6793 /* Info.plist */ = {isa = PBXFileReference; lastKnownFileType = text.plist.xml; path = Info.plist; sourceTree = "<group>"; };
		C28982FA1FD2F6C900840787 /* NewUserController.swift */ = {isa = PBXFileReference; fileEncoding = 4; lastKnownFileType = sourcecode.swift; path = NewUserController.swift; sourceTree = "<group>"; };
		C28982FC1FD2F76B00840787 /* CreateProfileController.swift */ = {isa = PBXFileReference; fileEncoding = 4; lastKnownFileType = sourcecode.swift; path = CreateProfileController.swift; sourceTree = "<group>"; };
		C28982FE1FD2F9D900840787 /* ConexoesController.swift */ = {isa = PBXFileReference; fileEncoding = 4; lastKnownFileType = sourcecode.swift; path = ConexoesController.swift; sourceTree = "<group>"; };
		C28983001FD2FA9100840787 /* MessageController.swift */ = {isa = PBXFileReference; fileEncoding = 4; lastKnownFileType = sourcecode.swift; path = MessageController.swift; sourceTree = "<group>"; };
		C28983021FD2FD3900840787 /* Login.storyboard */ = {isa = PBXFileReference; fileEncoding = 4; lastKnownFileType = file.storyboard; path = Login.storyboard; sourceTree = "<group>"; };
		C28983041FD2FE7900840787 /* Chat.storyboard */ = {isa = PBXFileReference; fileEncoding = 4; lastKnownFileType = file.storyboard; path = Chat.storyboard; sourceTree = "<group>"; };
		C28DA9B51FDC474D001B9888 /* Mensagem.swift */ = {isa = PBXFileReference; fileEncoding = 4; lastKnownFileType = sourcecode.swift; path = Mensagem.swift; sourceTree = "<group>"; };
		C29381821FDC5C6000C8BFAE /* PerfilController.swift */ = {isa = PBXFileReference; fileEncoding = 4; lastKnownFileType = sourcecode.swift; path = PerfilController.swift; sourceTree = "<group>"; };
		C29381841FDC604A00C8BFAE /* ConhecimentosCellController.swift */ = {isa = PBXFileReference; fileEncoding = 4; lastKnownFileType = sourcecode.swift; path = ConhecimentosCellController.swift; sourceTree = "<group>"; };
		C29381861FDC606700C8BFAE /* LinksCellController.swift */ = {isa = PBXFileReference; fileEncoding = 4; lastKnownFileType = sourcecode.swift; path = LinksCellController.swift; sourceTree = "<group>"; };
		C2A0DD791FE53D380037A832 /* MessagesHandler.swift */ = {isa = PBXFileReference; fileEncoding = 4; lastKnownFileType = sourcecode.swift; path = MessagesHandler.swift; sourceTree = "<group>"; };
		C2E9AF221FDC52F5003A85F2 /* ConexaoFlagCell.swift */ = {isa = PBXFileReference; fileEncoding = 4; lastKnownFileType = sourcecode.swift; path = ConexaoFlagCell.swift; sourceTree = "<group>"; };
		C2E9AF241FDC542A003A85F2 /* Conexao.swift */ = {isa = PBXFileReference; fileEncoding = 4; lastKnownFileType = sourcecode.swift; path = Conexao.swift; sourceTree = "<group>"; };
		C2E9AF261FDC548F003A85F2 /* ConexaoDataSource.swift */ = {isa = PBXFileReference; fileEncoding = 4; lastKnownFileType = sourcecode.swift; path = ConexaoDataSource.swift; sourceTree = "<group>"; };
		E1D23B62C4F8147DFB98CE64 /* Pods-SharingIOS.release.xcconfig */ = {isa = PBXFileReference; includeInIndex = 1; lastKnownFileType = text.xcconfig; name = "Pods-SharingIOS.release.xcconfig"; path = "Pods/Target Support Files/Pods-SharingIOS/Pods-SharingIOS.release.xcconfig"; sourceTree = "<group>"; };
/* End PBXFileReference section */

/* Begin PBXFrameworksBuildPhase section */
		C25042BA1FC9F21E004E6793 /* Frameworks */ = {
			isa = PBXFrameworksBuildPhase;
			buildActionMask = 2147483647;
			files = (
				531001C8C98185A387CB6188 /* Pods_SharingIOS.framework in Frameworks */,
			);
			runOnlyForDeploymentPostprocessing = 0;
		};
/* End PBXFrameworksBuildPhase section */

/* Begin PBXGroup section */
		09C3EEAD1FE21BC90015A493 /* Model */ = {
			isa = PBXGroup;
			children = (
				09C3EEAE1FE21BFB0015A493 /* ModelFactory.swift */,
			);
			path = Model;
			sourceTree = "<group>";
		};
		283289D337FEFD78E39E5AB9 /* Pods */ = {
			isa = PBXGroup;
			children = (
				889C1660A1C4D466B2EB06D7 /* Pods-SharingIOS.debug.xcconfig */,
				E1D23B62C4F8147DFB98CE64 /* Pods-SharingIOS.release.xcconfig */,
			);
			name = Pods;
			sourceTree = "<group>";
		};
		2CC47CBEEA6614C0E9F60408 /* Frameworks */ = {
			isa = PBXGroup;
			children = (
				0D74B86CF6FAD10CE6105400 /* Pods_SharingIOS.framework */,
			);
			name = Frameworks;
			sourceTree = "<group>";
		};
		C25042B41FC9F21E004E6793 = {
			isa = PBXGroup;
			children = (
				C25042BF1FC9F21E004E6793 /* SharingIOS */,
				C25042BE1FC9F21E004E6793 /* Products */,
				283289D337FEFD78E39E5AB9 /* Pods */,
				2CC47CBEEA6614C0E9F60408 /* Frameworks */,
			);
			sourceTree = "<group>";
		};
		C25042BE1FC9F21E004E6793 /* Products */ = {
			isa = PBXGroup;
			children = (
				C25042BD1FC9F21E004E6793 /* SharingIOS.app */,
			);
			name = Products;
			sourceTree = "<group>";
		};
		C25042BF1FC9F21E004E6793 /* SharingIOS */ = {
			isa = PBXGroup;
			children = (
				09C3EEAD1FE21BC90015A493 /* Model */,
				090C693A1FDF30B0000F3FB8 /* GoogleService-Info.plist */,
				C25042C01FC9F21E004E6793 /* AppDelegate.swift */,
				C2E9AF261FDC548F003A85F2 /* ConexaoDataSource.swift */,
				C2E9AF241FDC542A003A85F2 /* Conexao.swift */,
				C2E9AF221FDC52F5003A85F2 /* ConexaoFlagCell.swift */,
				C28982FE1FD2F9D900840787 /* ConexoesController.swift */,
				C28983001FD2FA9100840787 /* MessageController.swift */,
				C28DA9B51FDC474D001B9888 /* Mensagem.swift */,
				C2A0DD791FE53D380037A832 /* MessagesHandler.swift */,
				C25042C21FC9F21E004E6793 /* LoginController.swift */,
				C28982FA1FD2F6C900840787 /* NewUserController.swift */,
				C28982FC1FD2F76B00840787 /* CreateProfileController.swift */,
				45765D511FE29F950042B52A /* PesquisarController.swift */,
				45765D531FE2A1FB0042B52A /* PesquisarCellController.swift */,
				C29381821FDC5C6000C8BFAE /* PerfilController.swift */,
				C29381841FDC604A00C8BFAE /* ConhecimentosCellController.swift */,
				C29381861FDC606700C8BFAE /* LinksCellController.swift */,
				C25042C41FC9F21E004E6793 /* Main.storyboard */,
				C28983021FD2FD3900840787 /* Login.storyboard */,
				C28983041FD2FE7900840787 /* Chat.storyboard */,
				C25042C71FC9F21E004E6793 /* Assets.xcassets */,
				C25042C91FC9F21E004E6793 /* LaunchScreen.storyboard */,
				C25042CC1FC9F21E004E6793 /* Info.plist */,
				090C69381FDF2272000F3FB8 /* DatabaseManager.swift */,
				090C693C1FDF52A2000F3FB8 /* AutenticationController.swift */,
				093698591FE32AD20010674B /* EsqueciSenhaController.swift */,
				0936985B1FE4C4010010674B /* ConhecimentoViewController.swift */,
				0936985D1FE541E30010674B /* LinkViewController.swift */,
				0936985F1FE57D5B0010674B /* Link.swift */,
			);
			path = SharingIOS;
			sourceTree = "<group>";
		};
/* End PBXGroup section */

/* Begin PBXNativeTarget section */
		C25042BC1FC9F21E004E6793 /* SharingIOS */ = {
			isa = PBXNativeTarget;
			buildConfigurationList = C25042CF1FC9F21E004E6793 /* Build configuration list for PBXNativeTarget "SharingIOS" */;
			buildPhases = (
				41FF158A583C585DB08FFF13 /* [CP] Check Pods Manifest.lock */,
				C25042B91FC9F21E004E6793 /* Sources */,
				C25042BA1FC9F21E004E6793 /* Frameworks */,
				C25042BB1FC9F21E004E6793 /* Resources */,
				1F3D3412D314FBD89A0B2AF9 /* [CP] Embed Pods Frameworks */,
				26BD2D611A5EA76AD217F550 /* [CP] Copy Pods Resources */,
			);
			buildRules = (
			);
			dependencies = (
			);
			name = SharingIOS;
			productName = SharingIOS;
			productReference = C25042BD1FC9F21E004E6793 /* SharingIOS.app */;
			productType = "com.apple.product-type.application";
		};
/* End PBXNativeTarget section */

/* Begin PBXProject section */
		C25042B51FC9F21E004E6793 /* Project object */ = {
			isa = PBXProject;
			attributes = {
				LastSwiftUpdateCheck = 0830;
				LastUpgradeCheck = 0830;
				ORGANIZATIONNAME = iossenac;
				TargetAttributes = {
					C25042BC1FC9F21E004E6793 = {
						CreatedOnToolsVersion = 8.3.2;
						DevelopmentTeam = 7445EX4TW6;
						ProvisioningStyle = Automatic;
					};
				};
			};
			buildConfigurationList = C25042B81FC9F21E004E6793 /* Build configuration list for PBXProject "SharingIOS" */;
			compatibilityVersion = "Xcode 3.2";
			developmentRegion = English;
			hasScannedForEncodings = 0;
			knownRegions = (
				en,
				Base,
			);
			mainGroup = C25042B41FC9F21E004E6793;
			productRefGroup = C25042BE1FC9F21E004E6793 /* Products */;
			projectDirPath = "";
			projectRoot = "";
			targets = (
				C25042BC1FC9F21E004E6793 /* SharingIOS */,
			);
		};
/* End PBXProject section */

/* Begin PBXResourcesBuildPhase section */
		C25042BB1FC9F21E004E6793 /* Resources */ = {
			isa = PBXResourcesBuildPhase;
			buildActionMask = 2147483647;
			files = (
				C28983051FD2FE7900840787 /* Chat.storyboard in Resources */,
				C25042CB1FC9F21E004E6793 /* LaunchScreen.storyboard in Resources */,
				C25042C81FC9F21E004E6793 /* Assets.xcassets in Resources */,
				C28983031FD2FD3900840787 /* Login.storyboard in Resources */,
				C25042C61FC9F21E004E6793 /* Main.storyboard in Resources */,
				090C693B1FDF30B0000F3FB8 /* GoogleService-Info.plist in Resources */,
			);
			runOnlyForDeploymentPostprocessing = 0;
		};
/* End PBXResourcesBuildPhase section */

/* Begin PBXShellScriptBuildPhase section */
		1F3D3412D314FBD89A0B2AF9 /* [CP] Embed Pods Frameworks */ = {
			isa = PBXShellScriptBuildPhase;
			buildActionMask = 2147483647;
			files = (
			);
			inputPaths = (
				"${SRCROOT}/Pods/Target Support Files/Pods-SharingIOS/Pods-SharingIOS-frameworks.sh",
				"${BUILT_PRODUCTS_DIR}/DLRadioButton/DLRadioButton.framework",
				"${BUILT_PRODUCTS_DIR}/GTMSessionFetcher/GTMSessionFetcher.framework",
				"${BUILT_PRODUCTS_DIR}/GoogleToolboxForMac/GoogleToolboxForMac.framework",
				"${BUILT_PRODUCTS_DIR}/JSQMessagesViewController/JSQMessagesViewController.framework",
				"${BUILT_PRODUCTS_DIR}/JSQSystemSoundPlayer/JSQSystemSoundPlayer.framework",
				"${BUILT_PRODUCTS_DIR}/leveldb-library/leveldb.framework",
				"${BUILT_PRODUCTS_DIR}/nanopb/nanopb.framework",
			);
			name = "[CP] Embed Pods Frameworks";
			outputPaths = (
				"${TARGET_BUILD_DIR}/${FRAMEWORKS_FOLDER_PATH}/DLRadioButton.framework",
				"${TARGET_BUILD_DIR}/${FRAMEWORKS_FOLDER_PATH}/GTMSessionFetcher.framework",
				"${TARGET_BUILD_DIR}/${FRAMEWORKS_FOLDER_PATH}/GoogleToolboxForMac.framework",
				"${TARGET_BUILD_DIR}/${FRAMEWORKS_FOLDER_PATH}/JSQMessagesViewController.framework",
				"${TARGET_BUILD_DIR}/${FRAMEWORKS_FOLDER_PATH}/JSQSystemSoundPlayer.framework",
				"${TARGET_BUILD_DIR}/${FRAMEWORKS_FOLDER_PATH}/leveldb.framework",
				"${TARGET_BUILD_DIR}/${FRAMEWORKS_FOLDER_PATH}/nanopb.framework",
			);
			runOnlyForDeploymentPostprocessing = 0;
			shellPath = /bin/sh;
			shellScript = "\"${SRCROOT}/Pods/Target Support Files/Pods-SharingIOS/Pods-SharingIOS-frameworks.sh\"\n";
			showEnvVarsInLog = 0;
		};
		26BD2D611A5EA76AD217F550 /* [CP] Copy Pods Resources */ = {
			isa = PBXShellScriptBuildPhase;
			buildActionMask = 2147483647;
			files = (
			);
			inputPaths = (
			);
			name = "[CP] Copy Pods Resources";
			outputPaths = (
			);
			runOnlyForDeploymentPostprocessing = 0;
			shellPath = /bin/sh;
			shellScript = "\"${SRCROOT}/Pods/Target Support Files/Pods-SharingIOS/Pods-SharingIOS-resources.sh\"\n";
			showEnvVarsInLog = 0;
		};
		41FF158A583C585DB08FFF13 /* [CP] Check Pods Manifest.lock */ = {
			isa = PBXShellScriptBuildPhase;
			buildActionMask = 2147483647;
			files = (
			);
			inputPaths = (
				"${PODS_PODFILE_DIR_PATH}/Podfile.lock",
				"${PODS_ROOT}/Manifest.lock",
			);
			name = "[CP] Check Pods Manifest.lock";
			outputPaths = (
				"$(DERIVED_FILE_DIR)/Pods-SharingIOS-checkManifestLockResult.txt",
			);
			runOnlyForDeploymentPostprocessing = 0;
			shellPath = /bin/sh;
			shellScript = "diff \"${PODS_PODFILE_DIR_PATH}/Podfile.lock\" \"${PODS_ROOT}/Manifest.lock\" > /dev/null\nif [ $? != 0 ] ; then\n    # print error to STDERR\n    echo \"error: The sandbox is not in sync with the Podfile.lock. Run 'pod install' or update your CocoaPods installation.\" >&2\n    exit 1\nfi\n# This output is used by Xcode 'outputs' to avoid re-running this script phase.\necho \"SUCCESS\" > \"${SCRIPT_OUTPUT_FILE_0}\"\n";
			showEnvVarsInLog = 0;
		};
/* End PBXShellScriptBuildPhase section */

/* Begin PBXSourcesBuildPhase section */
		C25042B91FC9F21E004E6793 /* Sources */ = {
			isa = PBXSourcesBuildPhase;
			buildActionMask = 2147483647;
			files = (
				090C693D1FDF52A2000F3FB8 /* AutenticationController.swift in Sources */,
				C25042C31FC9F21E004E6793 /* LoginController.swift in Sources */,
				C2A0DD7A1FE53D380037A832 /* MessagesHandler.swift in Sources */,
				090C69391FDF2272000F3FB8 /* DatabaseManager.swift in Sources */,
				C2E9AF231FDC52F5003A85F2 /* ConexaoFlagCell.swift in Sources */,
				09C3EEAF1FE21BFB0015A493 /* ModelFactory.swift in Sources */,
				C28983011FD2FA9100840787 /* MessageController.swift in Sources */,
				C2E9AF251FDC542A003A85F2 /* Conexao.swift in Sources */,
				C2E9AF271FDC548F003A85F2 /* ConexaoDataSource.swift in Sources */,
				0936985C1FE4C4010010674B /* ConhecimentoViewController.swift in Sources */,
				C28982FD1FD2F76B00840787 /* CreateProfileController.swift in Sources */,
				C29381831FDC5C6000C8BFAE /* PerfilController.swift in Sources */,
				093698601FE57D5B0010674B /* Link.swift in Sources */,
				C28982FF1FD2F9D900840787 /* ConexoesController.swift in Sources */,
				0936985A1FE32AD20010674B /* EsqueciSenhaController.swift in Sources */,
				C29381851FDC604A00C8BFAE /* ConhecimentosCellController.swift in Sources */,
				C29381871FDC606700C8BFAE /* LinksCellController.swift in Sources */,
				45765D541FE2A1FB0042B52A /* PesquisarCellController.swift in Sources */,
				45765D521FE29F950042B52A /* PesquisarController.swift in Sources */,
				0936985E1FE541E30010674B /* LinkViewController.swift in Sources */,
				C25042C11FC9F21E004E6793 /* AppDelegate.swift in Sources */,
				C28982FB1FD2F6C900840787 /* NewUserController.swift in Sources */,
				C28DA9B61FDC474D001B9888 /* Mensagem.swift in Sources */,
			);
			runOnlyForDeploymentPostprocessing = 0;
		};
/* End PBXSourcesBuildPhase section */

/* Begin PBXVariantGroup section */
		C25042C41FC9F21E004E6793 /* Main.storyboard */ = {
			isa = PBXVariantGroup;
			children = (
				C25042C51FC9F21E004E6793 /* Base */,
			);
			name = Main.storyboard;
			sourceTree = "<group>";
		};
		C25042C91FC9F21E004E6793 /* LaunchScreen.storyboard */ = {
			isa = PBXVariantGroup;
			children = (
				C25042CA1FC9F21E004E6793 /* Base */,
			);
			name = LaunchScreen.storyboard;
			sourceTree = "<group>";
		};
/* End PBXVariantGroup section */

/* Begin XCBuildConfiguration section */
		C25042CD1FC9F21E004E6793 /* Debug */ = {
			isa = XCBuildConfiguration;
			buildSettings = {
				ALWAYS_SEARCH_USER_PATHS = NO;
				CLANG_ANALYZER_NONNULL = YES;
				CLANG_ANALYZER_NUMBER_OBJECT_CONVERSION = YES_AGGRESSIVE;
				CLANG_CXX_LANGUAGE_STANDARD = "gnu++0x";
				CLANG_CXX_LIBRARY = "libc++";
				CLANG_ENABLE_MODULES = YES;
				CLANG_ENABLE_OBJC_ARC = YES;
				CLANG_WARN_BOOL_CONVERSION = YES;
				CLANG_WARN_CONSTANT_CONVERSION = YES;
				CLANG_WARN_DIRECT_OBJC_ISA_USAGE = YES_ERROR;
				CLANG_WARN_DOCUMENTATION_COMMENTS = YES;
				CLANG_WARN_EMPTY_BODY = YES;
				CLANG_WARN_ENUM_CONVERSION = YES;
				CLANG_WARN_INFINITE_RECURSION = YES;
				CLANG_WARN_INT_CONVERSION = YES;
				CLANG_WARN_OBJC_ROOT_CLASS = YES_ERROR;
				CLANG_WARN_SUSPICIOUS_MOVE = YES;
				CLANG_WARN_UNREACHABLE_CODE = YES;
				CLANG_WARN__DUPLICATE_METHOD_MATCH = YES;
				"CODE_SIGN_IDENTITY[sdk=iphoneos*]" = "iPhone Developer";
				COPY_PHASE_STRIP = NO;
				DEBUG_INFORMATION_FORMAT = dwarf;
				ENABLE_STRICT_OBJC_MSGSEND = YES;
				ENABLE_TESTABILITY = YES;
				GCC_C_LANGUAGE_STANDARD = gnu99;
				GCC_DYNAMIC_NO_PIC = NO;
				GCC_NO_COMMON_BLOCKS = YES;
				GCC_OPTIMIZATION_LEVEL = 0;
				GCC_PREPROCESSOR_DEFINITIONS = (
					"DEBUG=1",
					"$(inherited)",
				);
				GCC_WARN_64_TO_32_BIT_CONVERSION = YES;
				GCC_WARN_ABOUT_RETURN_TYPE = YES_ERROR;
				GCC_WARN_UNDECLARED_SELECTOR = YES;
				GCC_WARN_UNINITIALIZED_AUTOS = YES_AGGRESSIVE;
				GCC_WARN_UNUSED_FUNCTION = YES;
				GCC_WARN_UNUSED_VARIABLE = YES;
				IPHONEOS_DEPLOYMENT_TARGET = 10.3;
				MTL_ENABLE_DEBUG_INFO = YES;
				ONLY_ACTIVE_ARCH = YES;
				SDKROOT = iphoneos;
				SWIFT_ACTIVE_COMPILATION_CONDITIONS = DEBUG;
				SWIFT_OPTIMIZATION_LEVEL = "-Onone";
				TARGETED_DEVICE_FAMILY = "1,2";
			};
			name = Debug;
		};
		C25042CE1FC9F21E004E6793 /* Release */ = {
			isa = XCBuildConfiguration;
			buildSettings = {
				ALWAYS_SEARCH_USER_PATHS = NO;
				CLANG_ANALYZER_NONNULL = YES;
				CLANG_ANALYZER_NUMBER_OBJECT_CONVERSION = YES_AGGRESSIVE;
				CLANG_CXX_LANGUAGE_STANDARD = "gnu++0x";
				CLANG_CXX_LIBRARY = "libc++";
				CLANG_ENABLE_MODULES = YES;
				CLANG_ENABLE_OBJC_ARC = YES;
				CLANG_WARN_BOOL_CONVERSION = YES;
				CLANG_WARN_CONSTANT_CONVERSION = YES;
				CLANG_WARN_DIRECT_OBJC_ISA_USAGE = YES_ERROR;
				CLANG_WARN_DOCUMENTATION_COMMENTS = YES;
				CLANG_WARN_EMPTY_BODY = YES;
				CLANG_WARN_ENUM_CONVERSION = YES;
				CLANG_WARN_INFINITE_RECURSION = YES;
				CLANG_WARN_INT_CONVERSION = YES;
				CLANG_WARN_OBJC_ROOT_CLASS = YES_ERROR;
				CLANG_WARN_SUSPICIOUS_MOVE = YES;
				CLANG_WARN_UNREACHABLE_CODE = YES;
				CLANG_WARN__DUPLICATE_METHOD_MATCH = YES;
				"CODE_SIGN_IDENTITY[sdk=iphoneos*]" = "iPhone Developer";
				COPY_PHASE_STRIP = NO;
				DEBUG_INFORMATION_FORMAT = "dwarf-with-dsym";
				ENABLE_NS_ASSERTIONS = NO;
				ENABLE_STRICT_OBJC_MSGSEND = YES;
				GCC_C_LANGUAGE_STANDARD = gnu99;
				GCC_NO_COMMON_BLOCKS = YES;
				GCC_WARN_64_TO_32_BIT_CONVERSION = YES;
				GCC_WARN_ABOUT_RETURN_TYPE = YES_ERROR;
				GCC_WARN_UNDECLARED_SELECTOR = YES;
				GCC_WARN_UNINITIALIZED_AUTOS = YES_AGGRESSIVE;
				GCC_WARN_UNUSED_FUNCTION = YES;
				GCC_WARN_UNUSED_VARIABLE = YES;
				IPHONEOS_DEPLOYMENT_TARGET = 10.3;
				MTL_ENABLE_DEBUG_INFO = NO;
				SDKROOT = iphoneos;
				SWIFT_OPTIMIZATION_LEVEL = "-Owholemodule";
				TARGETED_DEVICE_FAMILY = "1,2";
				VALIDATE_PRODUCT = YES;
			};
			name = Release;
		};
		C25042D01FC9F21E004E6793 /* Debug */ = {
			isa = XCBuildConfiguration;
			baseConfigurationReference = 889C1660A1C4D466B2EB06D7 /* Pods-SharingIOS.debug.xcconfig */;
			buildSettings = {
				ASSETCATALOG_COMPILER_APPICON_NAME = AppIcon;
				DEVELOPMENT_TEAM = 7445EX4TW6;
				INFOPLIST_FILE = SharingIOS/Info.plist;
				LD_RUNPATH_SEARCH_PATHS = "$(inherited) @executable_path/Frameworks";
				PRODUCT_BUNDLE_IDENTIFIER = com.senac.fspoa.edm.2017.alancourt.SharingIOS;
				PRODUCT_NAME = "$(TARGET_NAME)";
				SWIFT_OBJC_BRIDGING_HEADER = "";
				SWIFT_VERSION = 3.0;
			};
			name = Debug;
		};
		C25042D11FC9F21E004E6793 /* Release */ = {
			isa = XCBuildConfiguration;
			baseConfigurationReference = E1D23B62C4F8147DFB98CE64 /* Pods-SharingIOS.release.xcconfig */;
			buildSettings = {
				ASSETCATALOG_COMPILER_APPICON_NAME = AppIcon;
				DEVELOPMENT_TEAM = 7445EX4TW6;
				INFOPLIST_FILE = SharingIOS/Info.plist;
				LD_RUNPATH_SEARCH_PATHS = "$(inherited) @executable_path/Frameworks";
				PRODUCT_BUNDLE_IDENTIFIER = com.senac.fspoa.edm.2017.alancourt.SharingIOS;
				PRODUCT_NAME = "$(TARGET_NAME)";
				SWIFT_OBJC_BRIDGING_HEADER = "";
				SWIFT_VERSION = 3.0;
			};
			name = Release;
		};
/* End XCBuildConfiguration section */

/* Begin XCConfigurationList section */
		C25042B81FC9F21E004E6793 /* Build configuration list for PBXProject "SharingIOS" */ = {
			isa = XCConfigurationList;
			buildConfigurations = (
				C25042CD1FC9F21E004E6793 /* Debug */,
				C25042CE1FC9F21E004E6793 /* Release */,
			);
			defaultConfigurationIsVisible = 0;
			defaultConfigurationName = Release;
		};
		C25042CF1FC9F21E004E6793 /* Build configuration list for PBXNativeTarget "SharingIOS" */ = {
			isa = XCConfigurationList;
			buildConfigurations = (
				C25042D01FC9F21E004E6793 /* Debug */,
				C25042D11FC9F21E004E6793 /* Release */,
			);
			defaultConfigurationIsVisible = 0;
			defaultConfigurationName = Release;
		};
/* End XCConfigurationList section */
	};
	rootObject = C25042B51FC9F21E004E6793 /* Project object */;
}
